
Microsoft Visual Studio Solution File, Format Version 12.00
# Visual Studio Version 16
VisualStudioVersion = 16.0.30413.136
MinimumVisualStudioVersion = 10.0.40219.1
Project("{2150E333-8FDC-42A3-9474-1A3956D46DE8}") = "Tests", "Tests", "{2094592D-611B-4B7B-A8B9-FC770D04FA1B}"
EndProject
Project("{FAE04EC0-301F-11D3-BF4B-00C04F79EFBC}") = "DEMO", "DEMO\DEMO.csproj", "{0669F62B-C965-4437-8C40-387F3A29E51C}"
EndProject
Global
	GlobalSection(SolutionConfigurationPlatforms) = preSolution
		Debug|Any CPU = Debug|Any CPU
		Release|Any CPU = Release|Any CPU
	EndGlobalSection
	GlobalSection(ProjectConfigurationPlatforms) = postSolution
		{0669F62B-C965-4437-8C40-387F3A29E51C}.Debug|Any CPU.ActiveCfg = Debug|Any CPU
		{0669F62B-C965-4437-8C40-387F3A29E51C}.Debug|Any CPU.Build.0 = Debug|Any CPU
		{0669F62B-C965-4437-8C40-387F3A29E51C}.Release|Any CPU.ActiveCfg = Release|Any CPU
		{0669F62B-C965-4437-8C40-387F3A29E51C}.Release|Any CPU.Build.0 = Release|Any CPU
	EndGlobalSection
	GlobalSection(SolutionProperties) = preSolution
		HideSolutionNode = FALSE
	EndGlobalSection
	GlobalSection(NestedProjects) = preSolution
		{0669F62B-C965-4437-8C40-387F3A29E51C} = {2094592D-611B-4B7B-A8B9-FC770D04FA1B}
	EndGlobalSection
	GlobalSection(ExtensibilityGlobals) = postSolution
		SolutionGuid = {B259FCA0-AE36-40EA-BA90-85AAE6F1A8BA}
	EndGlobalSection
EndGlobal
